
Microsoft Visual Studio Solution File, Format Version 12.00
# Visual Studio Version 16
VisualStudioVersion = 16.0.29326.143
MinimumVisualStudioVersion = 10.0.40219.1
Project("{FAE04EC0-301F-11D3-BF4B-00C04F79EFBC}") = "Kladionica", "Kladionica\Kladionica.csproj", "{33E001A2-E16B-49F2-A716-1637559FAD26}"
EndProject
Global
	GlobalSection(SolutionConfigurationPlatforms) = preSolution
		Debug|Any CPU = Debug|Any CPU
		Release|Any CPU = Release|Any CPU
	EndGlobalSection
	GlobalSection(ProjectConfigurationPlatforms) = postSolution
		{33E001A2-E16B-49F2-A716-1637559FAD26}.Debug|Any CPU.ActiveCfg = Debug|Any CPU
		{33E001A2-E16B-49F2-A716-1637559FAD26}.Debug|Any CPU.Build.0 = Debug|Any CPU
		{33E001A2-E16B-49F2-A716-1637559FAD26}.Release|Any CPU.ActiveCfg = Release|Any CPU
		{33E001A2-E16B-49F2-A716-1637559FAD26}.Release|Any CPU.Build.0 = Release|Any CPU
	EndGlobalSection
	GlobalSection(SolutionProperties) = preSolution
		HideSolutionNode = FALSE
	EndGlobalSection
	GlobalSection(ExtensibilityGlobals) = postSolution
		SolutionGuid = {2F076760-84A6-4128-94C5-B49FC0EC8A6F}
	EndGlobalSection
EndGlobal
